
Microsoft Visual Studio Solution File, Format Version 12.00
# Visual Studio Version 17
VisualStudioVersion = 17.1.32228.430
MinimumVisualStudioVersion = 10.0.40219.1
Project("{9A19103F-16F7-4668-BE54-9A1E7A4F7556}") = "mpv.net", "mpv.net.csproj", "{1751F378-8EDF-4B62-BE6D-304C7C287089}"
EndProject
Project("{9A19103F-16F7-4668-BE54-9A1E7A4F7556}") = "RatingExtension", "extensions\RatingExtension\RatingExtension.csproj", "{55C88710-539D-4402-84C8-31694841C731}"
EndProject
Project("{2150E333-8FDC-42A3-9474-1A3956D46DE8}") = "Solution Items", "Solution Items", "{464E3334-1CF4-403B-92B3-06799AC5C60F}"
	ProjectSection(SolutionItems) = preProject
		.editorconfig = .editorconfig
	EndProjectSection
EndProject
Project("{C7167F0D-BC9F-4E6E-AFE1-012C56B48DB5}") = "mpv.net.package", "Package\mpv.net.package.wapproj", "{81DAEE3A-76FF-4494-9384-D28A651D70BB}"
EndProject
Project("{FAE04EC0-301F-11D3-BF4B-00C04F79EFBC}") = "MFW", "..\mfw\MFW\MFW.csproj", "{A6190042-A845-4C4C-BEE8-55FB967E82FF}"
EndProject
Project("{FAE04EC0-301F-11D3-BF4B-00C04F79EFBC}") = "mpv.lib", "..\mfw\mpv.lib\mpv.lib.csproj", "{78BF91AF-B769-4551-A145-CB70648B4D7B}"
EndProject
Project("{FAE04EC0-301F-11D3-BF4B-00C04F79EFBC}") = "WinUIApp1", "..\mfw\WinUIApp1\WinUIApp1.csproj", "{19CB2D59-DF30-4612-A51F-9027D18728B2}"
EndProject
Global
	GlobalSection(SolutionConfigurationPlatforms) = preSolution
		Debug|Any CPU = Debug|Any CPU
		Debug|arm64 = Debug|arm64
		Debug|x64 = Debug|x64
		Debug|x86 = Debug|x86
		Release|Any CPU = Release|Any CPU
		Release|arm64 = Release|arm64
		Release|x64 = Release|x64
		Release|x86 = Release|x86
	EndGlobalSection
	GlobalSection(ProjectConfigurationPlatforms) = postSolution
		{1751F378-8EDF-4B62-BE6D-304C7C287089}.Debug|Any CPU.ActiveCfg = Debug|Any CPU
		{1751F378-8EDF-4B62-BE6D-304C7C287089}.Debug|Any CPU.Build.0 = Debug|Any CPU
		{1751F378-8EDF-4B62-BE6D-304C7C287089}.Debug|arm64.ActiveCfg = Debug|Any CPU
		{1751F378-8EDF-4B62-BE6D-304C7C287089}.Debug|arm64.Build.0 = Debug|Any CPU
		{1751F378-8EDF-4B62-BE6D-304C7C287089}.Debug|x64.ActiveCfg = Debug|Any CPU
		{1751F378-8EDF-4B62-BE6D-304C7C287089}.Debug|x64.Build.0 = Debug|Any CPU
		{1751F378-8EDF-4B62-BE6D-304C7C287089}.Debug|x86.ActiveCfg = Debug|Any CPU
		{1751F378-8EDF-4B62-BE6D-304C7C287089}.Debug|x86.Build.0 = Debug|Any CPU
		{1751F378-8EDF-4B62-BE6D-304C7C287089}.Release|Any CPU.ActiveCfg = Release|Any CPU
		{1751F378-8EDF-4B62-BE6D-304C7C287089}.Release|Any CPU.Build.0 = Release|Any CPU
		{1751F378-8EDF-4B62-BE6D-304C7C287089}.Release|arm64.ActiveCfg = Release|Any CPU
		{1751F378-8EDF-4B62-BE6D-304C7C287089}.Release|arm64.Build.0 = Release|Any CPU
		{1751F378-8EDF-4B62-BE6D-304C7C287089}.Release|x64.ActiveCfg = Release|Any CPU
		{1751F378-8EDF-4B62-BE6D-304C7C287089}.Release|x64.Build.0 = Release|Any CPU
		{1751F378-8EDF-4B62-BE6D-304C7C287089}.Release|x86.ActiveCfg = Release|Any CPU
		{1751F378-8EDF-4B62-BE6D-304C7C287089}.Release|x86.Build.0 = Release|Any CPU
		{55C88710-539D-4402-84C8-31694841C731}.Debug|Any CPU.ActiveCfg = Debug|Any CPU
		{55C88710-539D-4402-84C8-31694841C731}.Debug|Any CPU.Build.0 = Debug|Any CPU
		{55C88710-539D-4402-84C8-31694841C731}.Debug|arm64.ActiveCfg = Debug|Any CPU
		{55C88710-539D-4402-84C8-31694841C731}.Debug|arm64.Build.0 = Debug|Any CPU
		{55C88710-539D-4402-84C8-31694841C731}.Debug|x64.ActiveCfg = Debug|x64
		{55C88710-539D-4402-84C8-31694841C731}.Debug|x64.Build.0 = Debug|x64
		{55C88710-539D-4402-84C8-31694841C731}.Debug|x86.ActiveCfg = Debug|Any CPU
		{55C88710-539D-4402-84C8-31694841C731}.Debug|x86.Build.0 = Debug|Any CPU
		{55C88710-539D-4402-84C8-31694841C731}.Release|Any CPU.ActiveCfg = Release|Any CPU
		{55C88710-539D-4402-84C8-31694841C731}.Release|Any CPU.Build.0 = Release|Any CPU
		{55C88710-539D-4402-84C8-31694841C731}.Release|arm64.ActiveCfg = Release|Any CPU
		{55C88710-539D-4402-84C8-31694841C731}.Release|arm64.Build.0 = Release|Any CPU
		{55C88710-539D-4402-84C8-31694841C731}.Release|x64.ActiveCfg = Release|x64
		{55C88710-539D-4402-84C8-31694841C731}.Release|x64.Build.0 = Release|x64
		{55C88710-539D-4402-84C8-31694841C731}.Release|x86.ActiveCfg = Release|Any CPU
		{55C88710-539D-4402-84C8-31694841C731}.Release|x86.Build.0 = Release|Any CPU
		{81DAEE3A-76FF-4494-9384-D28A651D70BB}.Debug|Any CPU.ActiveCfg = Debug|x64
		{81DAEE3A-76FF-4494-9384-D28A651D70BB}.Debug|Any CPU.Build.0 = Debug|x64
		{81DAEE3A-76FF-4494-9384-D28A651D70BB}.Debug|Any CPU.Deploy.0 = Debug|x64
		{81DAEE3A-76FF-4494-9384-D28A651D70BB}.Debug|arm64.ActiveCfg = Debug|x64
		{81DAEE3A-76FF-4494-9384-D28A651D70BB}.Debug|arm64.Build.0 = Debug|x64
		{81DAEE3A-76FF-4494-9384-D28A651D70BB}.Debug|arm64.Deploy.0 = Debug|x64
		{81DAEE3A-76FF-4494-9384-D28A651D70BB}.Debug|x64.ActiveCfg = Debug|x64
		{81DAEE3A-76FF-4494-9384-D28A651D70BB}.Debug|x64.Build.0 = Debug|x64
		{81DAEE3A-76FF-4494-9384-D28A651D70BB}.Debug|x64.Deploy.0 = Debug|x64
		{81DAEE3A-76FF-4494-9384-D28A651D70BB}.Debug|x86.ActiveCfg = Debug|x64
		{81DAEE3A-76FF-4494-9384-D28A651D70BB}.Debug|x86.Build.0 = Debug|x64
		{81DAEE3A-76FF-4494-9384-D28A651D70BB}.Debug|x86.Deploy.0 = Debug|x64
		{81DAEE3A-76FF-4494-9384-D28A651D70BB}.Release|Any CPU.ActiveCfg = Release|x64
		{81DAEE3A-76FF-4494-9384-D28A651D70BB}.Release|Any CPU.Build.0 = Release|x64
		{81DAEE3A-76FF-4494-9384-D28A651D70BB}.Release|Any CPU.Deploy.0 = Release|x64
		{81DAEE3A-76FF-4494-9384-D28A651D70BB}.Release|arm64.ActiveCfg = Release|x64
		{81DAEE3A-76FF-4494-9384-D28A651D70BB}.Release|arm64.Build.0 = Release|x64
		{81DAEE3A-76FF-4494-9384-D28A651D70BB}.Release|arm64.Deploy.0 = Release|x64
		{81DAEE3A-76FF-4494-9384-D28A651D70BB}.Release|x64.ActiveCfg = Release|x64
		{81DAEE3A-76FF-4494-9384-D28A651D70BB}.Release|x64.Build.0 = Release|x64
		{81DAEE3A-76FF-4494-9384-D28A651D70BB}.Release|x64.Deploy.0 = Release|x64
		{81DAEE3A-76FF-4494-9384-D28A651D70BB}.Release|x86.ActiveCfg = Release|x64
		{81DAEE3A-76FF-4494-9384-D28A651D70BB}.Release|x86.Build.0 = Release|x64
		{81DAEE3A-76FF-4494-9384-D28A651D70BB}.Release|x86.Deploy.0 = Release|x64
		{A6190042-A845-4C4C-BEE8-55FB967E82FF}.Debug|Any CPU.ActiveCfg = Debug|Any CPU
		{A6190042-A845-4C4C-BEE8-55FB967E82FF}.Debug|Any CPU.Build.0 = Debug|Any CPU
		{A6190042-A845-4C4C-BEE8-55FB967E82FF}.Debug|Any CPU.Deploy.0 = Debug|Any CPU
		{A6190042-A845-4C4C-BEE8-55FB967E82FF}.Debug|arm64.ActiveCfg = Debug|Any CPU
		{A6190042-A845-4C4C-BEE8-55FB967E82FF}.Debug|arm64.Build.0 = Debug|Any CPU
		{A6190042-A845-4C4C-BEE8-55FB967E82FF}.Debug|arm64.Deploy.0 = Debug|Any CPU
		{A6190042-A845-4C4C-BEE8-55FB967E82FF}.Debug|x64.ActiveCfg = Debug|Any CPU
		{A6190042-A845-4C4C-BEE8-55FB967E82FF}.Debug|x64.Build.0 = Debug|Any CPU
		{A6190042-A845-4C4C-BEE8-55FB967E82FF}.Debug|x64.Deploy.0 = Debug|Any CPU
		{A6190042-A845-4C4C-BEE8-55FB967E82FF}.Debug|x86.ActiveCfg = Debug|Any CPU
		{A6190042-A845-4C4C-BEE8-55FB967E82FF}.Debug|x86.Build.0 = Debug|Any CPU
		{A6190042-A845-4C4C-BEE8-55FB967E82FF}.Debug|x86.Deploy.0 = Debug|Any CPU
		{A6190042-A845-4C4C-BEE8-55FB967E82FF}.Release|Any CPU.ActiveCfg = Release|Any CPU
		{A6190042-A845-4C4C-BEE8-55FB967E82FF}.Release|Any CPU.Build.0 = Release|Any CPU
		{A6190042-A845-4C4C-BEE8-55FB967E82FF}.Release|Any CPU.Deploy.0 = Release|Any CPU
		{A6190042-A845-4C4C-BEE8-55FB967E82FF}.Release|arm64.ActiveCfg = Release|Any CPU
		{A6190042-A845-4C4C-BEE8-55FB967E82FF}.Release|arm64.Build.0 = Release|Any CPU
		{A6190042-A845-4C4C-BEE8-55FB967E82FF}.Release|arm64.Deploy.0 = Release|Any CPU
		{A6190042-A845-4C4C-BEE8-55FB967E82FF}.Release|x64.ActiveCfg = Release|Any CPU
		{A6190042-A845-4C4C-BEE8-55FB967E82FF}.Release|x64.Build.0 = Release|Any CPU
		{A6190042-A845-4C4C-BEE8-55FB967E82FF}.Release|x64.Deploy.0 = Release|Any CPU
		{A6190042-A845-4C4C-BEE8-55FB967E82FF}.Release|x86.ActiveCfg = Release|Any CPU
		{A6190042-A845-4C4C-BEE8-55FB967E82FF}.Release|x86.Build.0 = Release|Any CPU
		{A6190042-A845-4C4C-BEE8-55FB967E82FF}.Release|x86.Deploy.0 = Release|Any CPU
		{78BF91AF-B769-4551-A145-CB70648B4D7B}.Debug|Any CPU.ActiveCfg = Debug|Any CPU
		{78BF91AF-B769-4551-A145-CB70648B4D7B}.Debug|Any CPU.Build.0 = Debug|Any CPU
		{78BF91AF-B769-4551-A145-CB70648B4D7B}.Debug|arm64.ActiveCfg = Debug|Any CPU
		{78BF91AF-B769-4551-A145-CB70648B4D7B}.Debug|arm64.Build.0 = Debug|Any CPU
		{78BF91AF-B769-4551-A145-CB70648B4D7B}.Debug|x64.ActiveCfg = Debug|Any CPU
		{78BF91AF-B769-4551-A145-CB70648B4D7B}.Debug|x64.Build.0 = Debug|Any CPU
		{78BF91AF-B769-4551-A145-CB70648B4D7B}.Debug|x86.ActiveCfg = Debug|Any CPU
		{78BF91AF-B769-4551-A145-CB70648B4D7B}.Debug|x86.Build.0 = Debug|Any CPU
		{78BF91AF-B769-4551-A145-CB70648B4D7B}.Release|Any CPU.ActiveCfg = Release|Any CPU
		{78BF91AF-B769-4551-A145-CB70648B4D7B}.Release|Any CPU.Build.0 = Release|Any CPU
		{78BF91AF-B769-4551-A145-CB70648B4D7B}.Release|arm64.ActiveCfg = Release|Any CPU
		{78BF91AF-B769-4551-A145-CB70648B4D7B}.Release|arm64.Build.0 = Release|Any CPU
		{78BF91AF-B769-4551-A145-CB70648B4D7B}.Release|x64.ActiveCfg = Release|Any CPU
		{78BF91AF-B769-4551-A145-CB70648B4D7B}.Release|x64.Build.0 = Release|Any CPU
		{78BF91AF-B769-4551-A145-CB70648B4D7B}.Release|x86.ActiveCfg = Release|Any CPU
		{78BF91AF-B769-4551-A145-CB70648B4D7B}.Release|x86.Build.0 = Release|Any CPU
		{19CB2D59-DF30-4612-A51F-9027D18728B2}.Debug|Any CPU.ActiveCfg = Debug|x64
		{19CB2D59-DF30-4612-A51F-9027D18728B2}.Debug|Any CPU.Build.0 = Debug|x64
		{19CB2D59-DF30-4612-A51F-9027D18728B2}.Debug|Any CPU.Deploy.0 = Debug|x64
		{19CB2D59-DF30-4612-A51F-9027D18728B2}.Debug|arm64.ActiveCfg = Debug|arm64
		{19CB2D59-DF30-4612-A51F-9027D18728B2}.Debug|arm64.Build.0 = Debug|arm64
		{19CB2D59-DF30-4612-A51F-9027D18728B2}.Debug|arm64.Deploy.0 = Debug|arm64
		{19CB2D59-DF30-4612-A51F-9027D18728B2}.Debug|x64.ActiveCfg = Debug|x64
		{19CB2D59-DF30-4612-A51F-9027D18728B2}.Debug|x64.Build.0 = Debug|x64
		{19CB2D59-DF30-4612-A51F-9027D18728B2}.Debug|x64.Deploy.0 = Debug|x64
		{19CB2D59-DF30-4612-A51F-9027D18728B2}.Debug|x86.ActiveCfg = Debug|x86
		{19CB2D59-DF30-4612-A51F-9027D18728B2}.Debug|x86.Build.0 = Debug|x86
		{19CB2D59-DF30-4612-A51F-9027D18728B2}.Debug|x86.Deploy.0 = Debug|x86
		{19CB2D59-DF30-4612-A51F-9027D18728B2}.Release|Any CPU.ActiveCfg = Release|x64
		{19CB2D59-DF30-4612-A51F-9027D18728B2}.Release|Any CPU.Build.0 = Release|x64
		{19CB2D59-DF30-4612-A51F-9027D18728B2}.Release|Any CPU.Deploy.0 = Release|x64
		{19CB2D59-DF30-4612-A51F-9027D18728B2}.Release|arm64.ActiveCfg = Release|arm64
		{19CB2D59-DF30-4612-A51F-9027D18728B2}.Release|arm64.Build.0 = Release|arm64
		{19CB2D59-DF30-4612-A51F-9027D18728B2}.Release|arm64.Deploy.0 = Release|arm64
		{19CB2D59-DF30-4612-A51F-9027D18728B2}.Release|x64.ActiveCfg = Release|x64
		{19CB2D59-DF30-4612-A51F-9027D18728B2}.Release|x64.Build.0 = Release|x64
		{19CB2D59-DF30-4612-A51F-9027D18728B2}.Release|x64.Deploy.0 = Release|x64
		{19CB2D59-DF30-4612-A51F-9027D18728B2}.Release|x86.ActiveCfg = Release|x86
		{19CB2D59-DF30-4612-A51F-9027D18728B2}.Release|x86.Build.0 = Release|x86
		{19CB2D59-DF30-4612-A51F-9027D18728B2}.Release|x86.Deploy.0 = Release|x86
	EndGlobalSection
	GlobalSection(SolutionProperties) = preSolution
		HideSolutionNode = FALSE
	EndGlobalSection
	GlobalSection(ExtensibilityGlobals) = postSolution
		SolutionGuid = {8DE9E796-619E-44B8-9576-F4DE028701BF}
	EndGlobalSection
EndGlobal
